
Microsoft Visual Studio Solution File, Format Version 12.00
# Visual Studio Version 16
VisualStudioVersion = 16.0.31702.278
MinimumVisualStudioVersion = 10.0.40219.1
Project("{FAE04EC0-301F-11D3-BF4B-00C04F79EFBC}") = "SaaSpal", "SaaSpal\SaaSpal.csproj", "{5BAEE1B9-6ACD-46F9-8C83-C8F333D2A3BE}"
EndProject
Global
	GlobalSection(SolutionConfigurationPlatforms) = preSolution
		Debug|Any CPU = Debug|Any CPU
		Release|Any CPU = Release|Any CPU
	EndGlobalSection
	GlobalSection(ProjectConfigurationPlatforms) = postSolution
		{5BAEE1B9-6ACD-46F9-8C83-C8F333D2A3BE}.Debug|Any CPU.ActiveCfg = Debug|Any CPU
		{5BAEE1B9-6ACD-46F9-8C83-C8F333D2A3BE}.Debug|Any CPU.Build.0 = Debug|Any CPU
		{5BAEE1B9-6ACD-46F9-8C83-C8F333D2A3BE}.Release|Any CPU.ActiveCfg = Release|Any CPU
		{5BAEE1B9-6ACD-46F9-8C83-C8F333D2A3BE}.Release|Any CPU.Build.0 = Release|Any CPU
	EndGlobalSection
	GlobalSection(SolutionProperties) = preSolution
		HideSolutionNode = FALSE
	EndGlobalSection
	GlobalSection(ExtensibilityGlobals) = postSolution
		SolutionGuid = {674A479E-26E6-4C28-89E7-501D6E3E87BE}
	EndGlobalSection
EndGlobal
